
Microsoft Visual Studio Solution File, Format Version 12.00
# Visual Studio Version 16
VisualStudioVersion = 16.0.30804.86
MinimumVisualStudioVersion = 10.0.40219.1
Project("{9A19103F-16F7-4668-BE54-9A1E7A4F7556}") = "KampIntro", "KampIntro\KampIntro.csproj", "{1EBA83DA-76A6-4E09-9B65-A51DFF4A5165}"
EndProject
Project("{9A19103F-16F7-4668-BE54-9A1E7A4F7556}") = "Donguler", "Donguler\Donguler.csproj", "{DEE287E1-8511-4B7F-B181-AD601DCE7B73}"
EndProject
Project("{9A19103F-16F7-4668-BE54-9A1E7A4F7556}") = "ClassIntro", "ClassIntro\ClassIntro.csproj", "{801B5221-2E72-4CA9-AE7A-1045021FE501}"
EndProject
Project("{9A19103F-16F7-4668-BE54-9A1E7A4F7556}") = "Metotlar", "Metotlar\Metotlar.csproj", "{0DA78D08-4299-42EA-B9F7-0D36BC7943F1}"
EndProject
Project("{9A19103F-16F7-4668-BE54-9A1E7A4F7556}") = "Matematik", "Matematik\Matematik.csproj", "{2E41FD3A-04DE-480C-B04E-2461DCEAAB20}"
EndProject
Project("{9A19103F-16F7-4668-BE54-9A1E7A4F7556}") = "DegerVeReferansTipler", "DegerVeReferansTipler\DegerVeReferansTipler.csproj", "{1BE9B81C-B65E-4373-9A75-D5126807A876}"
EndProject
Project("{9A19103F-16F7-4668-BE54-9A1E7A4F7556}") = "Koleksiyonlar", "Koleksiyonlar\Koleksiyonlar.csproj", "{5901319C-1F46-42F3-B12E-E3EEB7DC581F}"
EndProject
Project("{9A19103F-16F7-4668-BE54-9A1E7A4F7556}") = "GenericsIntro", "GenericsIntro\GenericsIntro.csproj", "{4723B597-1FC4-49D6-965A-350811258557}"
EndProject
Project("{FAE04EC0-301F-11D3-BF4B-00C04F79EFBC}") = "OOP2", "OOP2\OOP2.csproj", "{4104CD16-5F78-45E1-AB65-2916B60F17FA}"
EndProject
Project("{FAE04EC0-301F-11D3-BF4B-00C04F79EFBC}") = "OOP3", "OOP3\OOP3.csproj", "{9921D0DD-F6E8-4DE6-80FD-31A46E66422D}"
EndProject
Project("{FAE04EC0-301F-11D3-BF4B-00C04F79EFBC}") = "OOP1", "OOP1\OOP1.csproj", "{373CF7EC-3A8F-49F3-819B-723D82261B96}"
EndProject
Global
	GlobalSection(SolutionConfigurationPlatforms) = preSolution
		Debug|Any CPU = Debug|Any CPU
		Release|Any CPU = Release|Any CPU
	EndGlobalSection
	GlobalSection(ProjectConfigurationPlatforms) = postSolution
		{1EBA83DA-76A6-4E09-9B65-A51DFF4A5165}.Debug|Any CPU.ActiveCfg = Debug|Any CPU
		{1EBA83DA-76A6-4E09-9B65-A51DFF4A5165}.Debug|Any CPU.Build.0 = Debug|Any CPU
		{1EBA83DA-76A6-4E09-9B65-A51DFF4A5165}.Release|Any CPU.ActiveCfg = Release|Any CPU
		{1EBA83DA-76A6-4E09-9B65-A51DFF4A5165}.Release|Any CPU.Build.0 = Release|Any CPU
		{DEE287E1-8511-4B7F-B181-AD601DCE7B73}.Debug|Any CPU.ActiveCfg = Debug|Any CPU
		{DEE287E1-8511-4B7F-B181-AD601DCE7B73}.Debug|Any CPU.Build.0 = Debug|Any CPU
		{DEE287E1-8511-4B7F-B181-AD601DCE7B73}.Release|Any CPU.ActiveCfg = Release|Any CPU
		{DEE287E1-8511-4B7F-B181-AD601DCE7B73}.Release|Any CPU.Build.0 = Release|Any CPU
		{801B5221-2E72-4CA9-AE7A-1045021FE501}.Debug|Any CPU.ActiveCfg = Debug|Any CPU
		{801B5221-2E72-4CA9-AE7A-1045021FE501}.Debug|Any CPU.Build.0 = Debug|Any CPU
		{801B5221-2E72-4CA9-AE7A-1045021FE501}.Release|Any CPU.ActiveCfg = Release|Any CPU
		{801B5221-2E72-4CA9-AE7A-1045021FE501}.Release|Any CPU.Build.0 = Release|Any CPU
		{0DA78D08-4299-42EA-B9F7-0D36BC7943F1}.Debug|Any CPU.ActiveCfg = Debug|Any CPU
		{0DA78D08-4299-42EA-B9F7-0D36BC7943F1}.Debug|Any CPU.Build.0 = Debug|Any CPU
		{0DA78D08-4299-42EA-B9F7-0D36BC7943F1}.Release|Any CPU.ActiveCfg = Release|Any CPU
		{0DA78D08-4299-42EA-B9F7-0D36BC7943F1}.Release|Any CPU.Build.0 = Release|Any CPU
		{2E41FD3A-04DE-480C-B04E-2461DCEAAB20}.Debug|Any CPU.ActiveCfg = Debug|Any CPU
		{2E41FD3A-04DE-480C-B04E-2461DCEAAB20}.Debug|Any CPU.Build.0 = Debug|Any CPU
		{2E41FD3A-04DE-480C-B04E-2461DCEAAB20}.Release|Any CPU.ActiveCfg = Release|Any CPU
		{2E41FD3A-04DE-480C-B04E-2461DCEAAB20}.Release|Any CPU.Build.0 = Release|Any CPU
		{1BE9B81C-B65E-4373-9A75-D5126807A876}.Debug|Any CPU.ActiveCfg = Debug|Any CPU
		{1BE9B81C-B65E-4373-9A75-D5126807A876}.Debug|Any CPU.Build.0 = Debug|Any CPU
		{1BE9B81C-B65E-4373-9A75-D5126807A876}.Release|Any CPU.ActiveCfg = Release|Any CPU
		{1BE9B81C-B65E-4373-9A75-D5126807A876}.Release|Any CPU.Build.0 = Release|Any CPU
		{5901319C-1F46-42F3-B12E-E3EEB7DC581F}.Debug|Any CPU.ActiveCfg = Debug|Any CPU
		{5901319C-1F46-42F3-B12E-E3EEB7DC581F}.Debug|Any CPU.Build.0 = Debug|Any CPU
		{5901319C-1F46-42F3-B12E-E3EEB7DC581F}.Release|Any CPU.ActiveCfg = Release|Any CPU
		{5901319C-1F46-42F3-B12E-E3EEB7DC581F}.Release|Any CPU.Build.0 = Release|Any CPU
		{4723B597-1FC4-49D6-965A-350811258557}.Debug|Any CPU.ActiveCfg = Debug|Any CPU
		{4723B597-1FC4-49D6-965A-350811258557}.Debug|Any CPU.Build.0 = Debug|Any CPU
		{4723B597-1FC4-49D6-965A-350811258557}.Release|Any CPU.ActiveCfg = Release|Any CPU
		{4723B597-1FC4-49D6-965A-350811258557}.Release|Any CPU.Build.0 = Release|Any CPU
		{4104CD16-5F78-45E1-AB65-2916B60F17FA}.Debug|Any CPU.ActiveCfg = Debug|Any CPU
		{4104CD16-5F78-45E1-AB65-2916B60F17FA}.Debug|Any CPU.Build.0 = Debug|Any CPU
		{4104CD16-5F78-45E1-AB65-2916B60F17FA}.Release|Any CPU.ActiveCfg = Release|Any CPU
		{4104CD16-5F78-45E1-AB65-2916B60F17FA}.Release|Any CPU.Build.0 = Release|Any CPU
		{9921D0DD-F6E8-4DE6-80FD-31A46E66422D}.Debug|Any CPU.ActiveCfg = Debug|Any CPU
		{9921D0DD-F6E8-4DE6-80FD-31A46E66422D}.Debug|Any CPU.Build.0 = Debug|Any CPU
		{9921D0DD-F6E8-4DE6-80FD-31A46E66422D}.Release|Any CPU.ActiveCfg = Release|Any CPU
		{9921D0DD-F6E8-4DE6-80FD-31A46E66422D}.Release|Any CPU.Build.0 = Release|Any CPU
		{373CF7EC-3A8F-49F3-819B-723D82261B96}.Debug|Any CPU.ActiveCfg = Debug|Any CPU
		{373CF7EC-3A8F-49F3-819B-723D82261B96}.Debug|Any CPU.Build.0 = Debug|Any CPU
		{373CF7EC-3A8F-49F3-819B-723D82261B96}.Release|Any CPU.ActiveCfg = Release|Any CPU
		{373CF7EC-3A8F-49F3-819B-723D82261B96}.Release|Any CPU.Build.0 = Release|Any CPU
	EndGlobalSection
	GlobalSection(SolutionProperties) = preSolution
		HideSolutionNode = FALSE
	EndGlobalSection
	GlobalSection(ExtensibilityGlobals) = postSolution
		SolutionGuid = {1A7EB573-DDDA-4616-B125-F7B3574BDEB7}
	EndGlobalSection
EndGlobal
